{
  "R": {
    "Version": "3.5.3",
    "Repositories": [
      {
        "Name": "CRAN",
        "URL": "https://cran.rstudio.com"
      }
    ]
  },
  "Packages": {
    "Andromeda": {
      "Package": "Andromeda",
      "Version": "0.3.2",
      "Source": "GitHub",
      "RemoteType": "github",
      "RemoteHost": "api.github.com",
      "RemoteRepo": "Andromeda",
      "RemoteUsername": "ohdsi",
      "RemoteRef": "v0.3.2",
      "RemoteSha": "74ca4d2328fa946987512a0b1ddcc69a9c686c11",
      "Hash": "6aeb460f7994e65378c5d443e1fc942f"
    },
    "BH": {
      "Package": "BH",
      "Version": "1.75.0-0",
      "Source": "Repository",
      "Repository": "CRAN",
      "Hash": "e4c04affc2cac20c8fec18385cd14691"
    },
    "CohortMethod": {
      "Package": "CohortMethod",
      "Version": "4.0.1",
      "Source": "GitHub",
      "Remotes": "ohdsi/FeatureExtraction",
      "RemoteType": "github",
      "RemoteHost": "api.github.com",
      "RemoteRepo": "CohortMethod",
      "RemoteUsername": "ohdsi",
      "RemoteRef": "master",
      "RemoteSha": "97d488b32324b148cc27d8dd83098157d0a7bb18",
      "Hash": "a946d7b6152ae9237c1ec87eb4f9f47d"
    },
    "Cyclops": {
      "Package": "Cyclops",
      "Version": "3.1.0",
      "Source": "GitHub",
      "RemoteType": "github",
      "RemoteHost": "api.github.com",
      "RemoteRepo": "Cyclops",
      "RemoteUsername": "OHDSI",
      "RemoteRef": "master",
      "RemoteSha": "613278ae5eae4af10498a80c3abf608492521c96",
      "Hash": "62bb9809fed2bfb21f7c9c7d2f0b0abe"
    },
    "DBI": {
      "Package": "DBI",
      "Version": "1.1.1",
      "Source": "Repository",
      "Repository": "CRAN",
      "Hash": "030aaec5bc6553f35347cbb1e70b1a17"
    },
    "DT": {
      "Package": "DT",
      "Version": "0.7",
      "Source": "Repository",
      "Repository": "CRAN",
      "Hash": "db97076f15966bc88eecf7c522cd3396"
    },
    "DatabaseConnector": {
      "Package": "DatabaseConnector",
      "Version": "4.0.0",
      "Source": "GitHub",
      "RemoteType": "github",
      "RemoteHost": "api.github.com",
      "RemoteRepo": "DatabaseConnector",
      "RemoteUsername": "OHDSI",
      "RemoteRef": "master",
      "RemoteSha": "0ab0ddfa4299ffd4d0c66d84640a5fe4fb831efd",
      "Hash": "f02a3b7cfd07d5318dbc2ff3d6a3bd1a"
    },
    "EmpiricalCalibration": {
      "Package": "EmpiricalCalibration",
      "Version": "2.0.0",
      "Source": "GitHub",
      "RemoteType": "github",
      "RemoteHost": "api.github.com",
      "RemoteRepo": "EmpiricalCalibration",
      "RemoteUsername": "ohdsi",
      "RemoteRef": "v2.0.0",
      "RemoteSha": "290c7b9710f1e3ca9a361be9d67be26c4d68e23b",
      "Hash": "2293fe2ea57706b69534821956aa45b6"
    },
    "FeatureExtraction": {
      "Package": "FeatureExtraction",
      "Version": "3.1.0",
      "Source": "GitHub",
      "RemoteType": "github",
      "RemoteHost": "api.github.com",
      "RemoteRepo": "FeatureExtraction",
      "RemoteUsername": "ohdsi",
      "RemoteRef": "master",
      "RemoteSha": "da48fda9f27cb3c8fa34cc3f91ee741071dc51bb",
      "Hash": "a88ecff2bb5089f171afba95de827593"
    },
    "MASS": {
      "Package": "MASS",
      "Version": "7.3-51.1",
      "Source": "Repository",
      "Repository": "CRAN",
      "Hash": "c64a9edaef0658e36905934c5a7aa499"
    },
    "Matrix": {
      "Package": "Matrix",
      "Version": "1.2-15",
      "Source": "Repository",
      "Repository": "CRAN",
      "Hash": "ffbff17356922d442a4d6fab32e2bc96"
    },
    "MethodEvaluation": {
      "Package": "MethodEvaluation",
      "Version": "1.0.2",
      "Source": "GitHub",
      "RemoteType": "github",
      "RemoteHost": "api.github.com",
      "RemoteRepo": "MethodEvaluation",
      "RemoteUsername": "ohdsi",
      "RemoteRef": "v1.0.2",
      "RemoteSha": "9cf490351b8dfbf45161d6a15bbb94826ca04630",
      "Hash": "6c38274f2013efdae5dff8e2fa89b3bb"
    },
    "OhdsiRTools": {
      "Package": "OhdsiRTools",
      "Version": "1.7.0",
      "Source": "GitHub",
      "RemoteType": "github",
      "RemoteHost": "api.github.com",
      "RemoteRepo": "OhdsiRTools",
      "RemoteUsername": "ohdsi",
      "RemoteRef": "v1.7.0",
      "RemoteSha": "e97d5db85303bdd4d183954d6e2065ecc3f848e7",
      "Hash": "445718b5b26f36284a21ad21699745b9"
    },
    "OhdsiSharing": {
      "Package": "OhdsiSharing",
      "Version": "0.2.2",
      "Source": "GitHub",
      "RemoteType": "github",
      "RemoteHost": "api.github.com",
      "RemoteRepo": "OhdsiSharing",
      "RemoteUsername": "OHDSI",
      "RemoteRef": "master",
      "RemoteSha": "8778421042e74e8824c00a58cf63bedfbfeb54aa",
      "Hash": "1aea829f823031b7f03d541595d6dcb9"
    },
    "ParallelLogger": {
      "Package": "ParallelLogger",
      "Version": "2.0.1",
      "Source": "Repository",
      "Repository": "CRAN",
      "Hash": "a1509e79285f59dab4cf8806555478b8"
    },
    "R.methodsS3": {
      "Package": "R.methodsS3",
      "Version": "1.7.1",
      "Source": "Repository",
      "Repository": "CRAN",
      "Hash": "525c2e4d8915038c0ca7f9c1eedbd47a"
    },
    "R.oo": {
      "Package": "R.oo",
      "Version": "1.22.0",
      "Source": "Repository",
      "Repository": "CRAN",
      "Hash": "c6772a9891b14d07f2da758192c4b0c6"
    },
    "R.utils": {
      "Package": "R.utils",
      "Version": "2.9.0",
      "Source": "Repository",
      "Repository": "CRAN",
      "Hash": "99ad3362c511faf083561bbfdafbe75f"
    },
    "R6": {
      "Package": "R6",
      "Version": "2.5.0",
      "Source": "Repository",
      "Repository": "CRAN",
      "Hash": "b203113193e70978a696b2809525649d"
    },
    "RColorBrewer": {
      "Package": "RColorBrewer",
      "Version": "1.1-2",
      "Source": "Repository",
      "Repository": "CRAN",
      "Hash": "e031418365a7f7a766181ab5a41a5716"
    },
    "RJSONIO": {
      "Package": "RJSONIO",
      "Version": "1.3-1.4",
      "Source": "Repository",
      "Repository": "CRAN",
      "Hash": "5465553c5320701393a2daaa42ed58f9"
    },
    "ROhdsiWebApi": {
      "Package": "ROhdsiWebApi",
      "Version": "1.1.2",
      "Source": "GitHub",
      "RemoteType": "github",
      "RemoteHost": "api.github.com",
      "RemoteRepo": "ROhdsiWebApi",
      "RemoteUsername": "OHDSI",
      "RemoteRef": "master",
      "RemoteSha": "39d1d8c4f8f981cf9137c0ee22f4c6f5c5e43f30",
      "Hash": "2736c59e44fe61f14a85f9679ef9a3e1"
    },
    "RSQLite": {
      "Package": "RSQLite",
      "Version": "2.2.4",
      "Source": "Repository",
      "Repository": "CRAN",
      "Hash": "c964559dc8a9d7861e2ce9cffc512212"
    },
    "Rcpp": {
      "Package": "Rcpp",
      "Version": "1.0.6",
      "Source": "Repository",
      "Repository": "CRAN",
      "Hash": "dbb5e436998a7eba5a9d682060533338"
    },
    "RcppEigen": {
      "Package": "RcppEigen",
      "Version": "0.3.3.9.1",
      "Source": "Repository",
      "Repository": "CRAN",
      "Hash": "ddfa72a87fdf4c80466a20818be91d00"
    },
    "SqlRender": {
      "Package": "SqlRender",
      "Version": "1.7.0",
      "Source": "Repository",
      "Repository": "CRAN",
      "Hash": "c9f77eea223a6942eea0072b72e6ceb9"
    },
    "XML": {
      "Package": "XML",
      "Version": "3.98-1.20",
      "Source": "Repository",
      "Repository": "CRAN",
      "Hash": "0ec6acb7f3e2f376ca6b9541b9709107"
    },
    "askpass": {
      "Package": "askpass",
      "Version": "1.1",
      "Source": "Repository",
      "Repository": "CRAN",
      "Hash": "e8a22846fff485f0be3770c2da758713"
    },
    "assertthat": {
      "Package": "assertthat",
      "Version": "0.2.1",
      "Source": "Repository",
      "Repository": "CRAN",
      "Hash": "50c838a310445e954bc13f26f26a6ecf"
    },
    "backports": {
      "Package": "backports",
      "Version": "1.2.0",
      "Source": "Repository",
      "Repository": "CRAN",
      "Hash": "fb0efa7042b45dac543dd3995a6dac0b"
    },
    "base64enc": {
      "Package": "base64enc",
      "Version": "0.1-3",
      "Source": "Repository",
      "Repository": "CRAN",
      "Hash": "543776ae6848fde2f48ff3816d0628bc"
    },
    "bit": {
      "Package": "bit",
      "Version": "4.0.4",
      "Source": "Repository",
      "Repository": "CRAN",
      "Hash": "f36715f14d94678eea9933af927bc15d"
    },
    "bit64": {
      "Package": "bit64",
      "Version": "4.0.5",
      "Source": "Repository",
      "Repository": "CRAN",
      "Hash": "9fe98599ca456d6552421db0d6772d8f"
    },
    "blob": {
      "Package": "blob",
      "Version": "1.2.1",
      "Source": "Repository",
      "Repository": "CRAN",
      "Hash": "9addc7e2c5954eca5719928131fed98c"
    },
    "cachem": {
      "Package": "cachem",
      "Version": "1.0.4",
      "Source": "Repository",
      "Repository": "CRAN",
      "Hash": "2703a46dcabfb902f10060b2bca9f708"
    },
    "callr": {
      "Package": "callr",
      "Version": "3.5.1",
      "Source": "Repository",
      "Repository": "CRAN",
      "Hash": "b7d7f1e926dfcd57c74ce93f5c048e80"
    },
    "checkmate": {
      "Package": "checkmate",
      "Version": "2.0.0",
      "Source": "Repository",
      "Repository": "CRAN",
      "Hash": "a667800d5f0350371bedeb8b8b950289"
    },
    "cli": {
      "Package": "cli",
      "Version": "2.3.1",
      "Source": "Repository",
      "Repository": "CRAN",
      "Hash": "3e3f28efcadfda442cd18651fbcbbecf"
    },
    "clipr": {
      "Package": "clipr",
      "Version": "0.7.1",
      "Source": "Repository",
      "Repository": "CRAN",
      "Hash": "ebaa97ac99cc2daf04e77eecc7b781d7"
    },
    "clisymbols": {
      "Package": "clisymbols",
      "Version": "1.2.0",
      "Source": "Repository",
      "Repository": "CRAN",
      "Hash": "96c01552bfd5661b9bbdefbc762f4bcd"
    },
    "codetools": {
      "Package": "codetools",
      "Version": "0.2-16",
      "Source": "Repository",
      "Repository": "CRAN",
      "Hash": "89cf4b8207269ccf82fbeb6473fd662b"
    },
    "colorspace": {
      "Package": "colorspace",
      "Version": "2.0-0",
      "Source": "Repository",
      "Repository": "CRAN",
      "Hash": "abea3384649ef37f60ef51ce002f3547"
    },
    "cpp11": {
      "Package": "cpp11",
      "Version": "0.2.6",
      "Source": "Repository",
      "Repository": "CRAN",
      "Hash": "f08909ebdad90b19d8d3930da4220564"
    },
    "crayon": {
      "Package": "crayon",
      "Version": "1.4.1",
      "Source": "Repository",
      "Repository": "CRAN",
      "Hash": "e75525c55c70e5f4f78c9960a4b402e9"
    },
    "crosstalk": {
      "Package": "crosstalk",
      "Version": "1.0.0",
      "Source": "Repository",
      "Repository": "CRAN",
      "Hash": "4ac529753d1e529966ef675d7f0c762b"
    },
    "curl": {
      "Package": "curl",
      "Version": "4.3",
      "Source": "Repository",
      "Repository": "CRAN",
      "Hash": "2b7d10581cc730804e9ed178c8374bd6"
    },
    "dbplyr": {
      "Package": "dbplyr",
      "Version": "2.1.0",
      "Source": "Repository",
      "Repository": "CRAN",
      "Hash": "f30247ffeeebe8d9842dc68fe63e043b"
    },
    "desc": {
      "Package": "desc",
      "Version": "1.3.0",
      "Source": "Repository",
      "Repository": "CRAN",
      "Hash": "b6963166f7f10b970af1006c462ce6cd"
    },
    "devtools": {
      "Package": "devtools",
      "Version": "2.0.2",
      "Source": "Repository",
      "Repository": "CRAN",
      "Hash": "88d59651e24900b8fd9e7ab9a860a3fa"
    },
    "digest": {
      "Package": "digest",
      "Version": "0.6.27",
      "Source": "Repository",
      "Repository": "CRAN",
      "Hash": "a0cbe758a531d054b537d16dff4d58a1"
    },
    "dplyr": {
      "Package": "dplyr",
      "Version": "1.0.5",
      "Source": "Repository",
      "Repository": "CRAN",
      "Hash": "d0d76c11ec807eb3f000eba4e3eb0f68"
    },
    "ellipsis": {
      "Package": "ellipsis",
      "Version": "0.3.1",
      "Source": "Repository",
      "Repository": "CRAN",
      "Hash": "fd2844b3a43ae2d27e70ece2df1b4e2a"
    },
    "evaluate": {
      "Package": "evaluate",
      "Version": "0.14",
      "Source": "Repository",
      "Repository": "CRAN",
      "Hash": "ec8ca05cffcc70569eaaad8469d2a3a7"
    },
    "fansi": {
      "Package": "fansi",
      "Version": "0.4.2",
      "Source": "Repository",
      "Repository": "CRAN",
      "Hash": "fea074fb67fe4c25d47ad09087da847d"
    },
    "farver": {
      "Package": "farver",
      "Version": "2.1.0",
      "Source": "Repository",
      "Repository": "CRAN",
      "Hash": "c98eb5133d9cb9e1622b8691487f11bb"
    },
    "fastmap": {
      "Package": "fastmap",
      "Version": "1.1.0",
      "Source": "Repository",
      "Repository": "CRAN",
      "Hash": "77bd60a6157420d4ffa93b27cf6a58b8"
    },
    "fastmatch": {
      "Package": "fastmatch",
      "Version": "1.1-0",
      "Source": "Repository",
      "Repository": "CRAN",
      "Hash": "2cfe25650d69960c54e06840e4b5d8e4"
    },
    "ff": {
      "Package": "ff",
      "Version": "2.2-14",
      "Source": "Repository",
      "Repository": "CRAN",
      "Hash": "ef2483b57efe2b9cb263bbe4c5a1735b"
    },
    "ffbase": {
      "Package": "ffbase",
      "Version": "0.12.7",
      "Source": "Repository",
      "Repository": "CRAN",
      "Hash": "8222e952732a21dff283012eeec47de8"
    },
    "formatR": {
      "Package": "formatR",
      "Version": "1.7",
      "Source": "Repository",
      "Repository": "CRAN",
      "Hash": "ad36e26eeeb7393886d8a0e19bc6ee42"
    },
    "fs": {
      "Package": "fs",
      "Version": "1.3.1",
      "Source": "Repository",
      "Repository": "CRAN",
      "Hash": "0e26be4558dbbc713d7cfe4a4c361f38"
    },
    "generics": {
      "Package": "generics",
      "Version": "0.1.0",
      "Source": "Repository",
      "Repository": "CRAN",
      "Hash": "4d243a9c10b00589889fe32314ffd902"
    },
    "ggplot2": {
      "Package": "ggplot2",
      "Version": "3.3.3",
      "Source": "Repository",
      "Repository": "CRAN",
      "Hash": "3eb6477d01eb5bbdc03f7d5f70f2733e"
    },
    "gh": {
      "Package": "gh",
      "Version": "1.0.1",
      "Source": "Repository",
      "Repository": "CRAN",
      "Hash": "4da58d15239da30de8c7de088250d3be"
    },
    "git2r": {
      "Package": "git2r",
      "Version": "0.25.2",
      "Source": "Repository",
      "Repository": "CRAN",
      "Hash": "b0b62a21371dd846b4f790ebf279706f"
    },
    "glue": {
      "Package": "glue",
      "Version": "1.4.2",
      "Source": "Repository",
      "Repository": "CRAN",
      "Hash": "6efd734b14c6471cfe443345f3e35e29"
    },
    "gridExtra": {
      "Package": "gridExtra",
      "Version": "2.3",
      "Source": "Repository",
      "Repository": "CRAN",
      "Hash": "7d7f283939f563670a697165b2cf5560"
    },
    "gtable": {
      "Package": "gtable",
      "Version": "0.3.0",
      "Source": "Repository",
      "Repository": "CRAN",
      "Hash": "ac5c6baf7822ce8732b343f14c072c4d"
    },
    "here": {
      "Package": "here",
      "Version": "0.1",
      "Source": "Repository",
      "Repository": "CRAN",
      "Hash": "2c0406b8e0a4c3516ab37be62da74e3c"
    },
    "highr": {
      "Package": "highr",
      "Version": "0.8",
      "Source": "Repository",
      "Repository": "CRAN",
      "Hash": "4dc5bb88961e347a0f4d8aad597cbfac"
    },
    "hms": {
      "Package": "hms",
      "Version": "1.0.0",
      "Source": "Repository",
      "Repository": "CRAN",
      "Hash": "bf552cdd96f5969873afdac7311c7d0d"
    },
    "htmltools": {
      "Package": "htmltools",
      "Version": "0.5.0",
      "Source": "Repository",
      "Repository": "CRAN",
      "Hash": "7d651b7131794fe007b1ad6f21aaa401"
    },
    "htmlwidgets": {
      "Package": "htmlwidgets",
      "Version": "1.3",
      "Source": "Repository",
      "Repository": "CRAN",
      "Hash": "0c8df16eba2c955487aad63a7e7051a6"
    },
    "httpuv": {
      "Package": "httpuv",
      "Version": "1.5.0",
      "Source": "Repository",
      "Repository": "CRAN",
      "Hash": "2b27ad9a2035164504248b3e71564976"
    },
    "httr": {
      "Package": "httr",
      "Version": "1.4.2",
      "Source": "Repository",
      "Repository": "CRAN",
      "Hash": "a525aba14184fec243f9eaec62fbed43"
    },
    "ini": {
      "Package": "ini",
      "Version": "0.3.1",
      "Source": "Repository",
      "Repository": "CRAN",
      "Hash": "6154ec2223172bce8162d4153cda21f7"
    },
    "isoband": {
      "Package": "isoband",
      "Version": "0.2.4",
      "Source": "Repository",
      "Repository": "CRAN",
      "Hash": "b2008df40fb297e3fef135c7e8eeec1a"
    },
    "jsonlite": {
      "Package": "jsonlite",
      "Version": "1.7.2",
      "Source": "Repository",
      "Repository": "CRAN",
      "Hash": "98138e0994d41508c7a6b84a0600cfcb"
    },
    "knitr": {
      "Package": "knitr",
      "Version": "1.31",
      "Source": "Repository",
      "Repository": "CRAN",
      "Hash": "c3994c036d19fc22c5e2a209c8298bfb"
    },
    "labeling": {
      "Package": "labeling",
      "Version": "0.4.2",
      "Source": "Repository",
      "Repository": "CRAN",
      "Hash": "3d5108641f47470611a32d0bdf357a72"
    },
    "later": {
      "Package": "later",
      "Version": "0.8.0",
      "Source": "Repository",
      "Repository": "CRAN",
      "Hash": "4d673d34896f781e1557fcee73e542ed"
    },
    "lattice": {
      "Package": "lattice",
      "Version": "0.20-38",
      "Source": "Repository",
      "Repository": "CRAN",
      "Hash": "848f8c593fd1050371042d18d152e3d7"
    },
    "lazyeval": {
      "Package": "lazyeval",
      "Version": "0.2.2",
      "Source": "Repository",
      "Repository": "CRAN",
      "Hash": "d908914ae53b04d4c0c0fd72ecc35370"
    },
    "lifecycle": {
      "Package": "lifecycle",
      "Version": "1.0.0",
      "Source": "Repository",
      "Repository": "CRAN",
      "Hash": "3471fb65971f1a7b2d4ae7848cf2db8d"
    },
    "lubridate": {
      "Package": "lubridate",
      "Version": "1.7.9",
      "Source": "Repository",
      "Repository": "CRAN",
      "Hash": "fc1c91e2e8d9e1fc932e75aa1ed989b7"
    },
    "magrittr": {
      "Package": "magrittr",
      "Version": "2.0.1",
      "Source": "Repository",
      "Repository": "CRAN",
      "Hash": "41287f1ac7d28a92f0a286ed507928d3"
    },
    "mailR": {
      "Package": "mailR",
      "Version": "0.4.1",
      "Source": "Repository",
      "Repository": "CRAN",
      "Hash": "5d66e65686c407bc18f9ec33e9844b0b"
    },
    "markdown": {
      "Package": "markdown",
      "Version": "1.1",
      "Source": "Repository",
      "Repository": "CRAN",
      "Hash": "61e4a10781dd00d7d81dd06ca9b94e95"
    },
    "memoise": {
      "Package": "memoise",
      "Version": "2.0.0",
      "Source": "Repository",
      "Repository": "CRAN",
      "Hash": "a0bc51650201a56d00a4798523cc91b3"
    },
    "mgcv": {
      "Package": "mgcv",
      "Version": "1.8-27",
      "Source": "Repository",
      "Repository": "CRAN",
      "Hash": "060d447c4c913cbf2e66306e4c664417"
    },
    "mime": {
      "Package": "mime",
      "Version": "0.10",
      "Source": "Repository",
      "Repository": "CRAN",
      "Hash": "26fa77e707223e1ce042b2b5d09993dc"
    },
    "munsell": {
      "Package": "munsell",
      "Version": "0.5.0",
      "Source": "Repository",
      "Repository": "CRAN",
      "Hash": "6dfe8bf774944bd5595785e3229d8771"
    },
    "nlme": {
      "Package": "nlme",
      "Version": "3.1-137",
      "Source": "Repository",
      "Repository": "CRAN",
      "Hash": "4320ab595f7bbff5458bc6a044a57fc0"
    },
    "openssl": {
      "Package": "openssl",
      "Version": "1.4.3",
      "Source": "Repository",
      "Repository": "CRAN",
      "Hash": "a399e4773075fc2375b71f45fca186c4"
    },
    "openxlsx": {
      "Package": "openxlsx",
      "Version": "4.2.3",
      "Source": "Repository",
      "Repository": "CRAN",
      "Hash": "2253a430965e222d11a2f9277cd34c2e"
    },
    "pROC": {
      "Package": "pROC",
      "Version": "1.15.0",
      "Source": "Repository",
      "Repository": "CRAN",
      "Hash": "fc3130860977f4b81ce610a4065396e1"
    },
    "pillar": {
      "Package": "pillar",
      "Version": "1.5.1",
      "Source": "Repository",
      "Repository": "CRAN",
      "Hash": "24622aa4a0d3de3463c34513edca99b2"
    },
    "pkgbuild": {
      "Package": "pkgbuild",
      "Version": "1.2.0",
      "Source": "Repository",
      "Repository": "CRAN",
      "Hash": "725fcc30222d4d11ec68efb8ff11a9af"
    },
    "pkgconfig": {
      "Package": "pkgconfig",
      "Version": "2.0.3",
      "Source": "Repository",
      "Repository": "CRAN",
      "Hash": "01f28d4278f15c76cddbea05899c5d6f"
    },
    "pkgload": {
      "Package": "pkgload",
      "Version": "1.2.0",
      "Source": "Repository",
      "Repository": "CRAN",
      "Hash": "cb57de933545960a86f03513e4bd2911"
    },
    "plogr": {
      "Package": "plogr",
      "Version": "0.2.0",
      "Source": "Repository",
      "Repository": "CRAN",
      "Hash": "09eb987710984fc2905c7129c7d85e65"
    },
    "plyr": {
      "Package": "plyr",
      "Version": "1.8.6",
      "Source": "Repository",
      "Repository": "CRAN",
      "Hash": "ec0e5ab4e5f851f6ef32cd1d1984957f"
    },
    "prettyunits": {
      "Package": "prettyunits",
      "Version": "1.1.1",
      "Source": "Repository",
      "Repository": "CRAN",
      "Hash": "95ef9167b75dde9d2ccc3c7528393e7e"
    },
    "processx": {
      "Package": "processx",
      "Version": "3.4.5",
      "Source": "Repository",
      "Repository": "CRAN",
      "Hash": "22aab6098cb14edd0a5973a8438b569b"
    },
    "promises": {
      "Package": "promises",
      "Version": "1.0.1",
      "Source": "Repository",
      "Repository": "CRAN",
      "Hash": "e1983a27d5a79e89fe302623a758d88e"
    },
    "ps": {
      "Package": "ps",
      "Version": "1.6.0",
      "Source": "Repository",
      "Repository": "CRAN",
      "Hash": "32620e2001c1dce1af49c49dccbb9420"
    },
    "purrr": {
      "Package": "purrr",
      "Version": "0.3.4",
      "Source": "Repository",
      "Repository": "CRAN",
      "Hash": "97def703420c8ab10d8f0e6c72101e02"
    },
    "rJava": {
      "Package": "rJava",
      "Version": "0.9-13",
      "Source": "Repository",
      "Repository": "CRAN",
      "Hash": "cfcca6464c6d145e28924800b5bd7f44"
    },
    "rcmdcheck": {
      "Package": "rcmdcheck",
      "Version": "1.3.3",
      "Source": "Repository",
      "Repository": "CRAN",
      "Hash": "ed95895886dab6d2a584da45503555da"
    },
    "readr": {
      "Package": "readr",
      "Version": "1.4.0",
      "Source": "Repository",
      "Repository": "CRAN",
      "Hash": "2639976851f71f330264a9c9c3d43a61"
    },
    "remotes": {
      "Package": "remotes",
      "Version": "2.0.4",
      "Source": "Repository",
      "Repository": "CRAN",
      "Hash": "8bdf5a526863e28c5fd0960793320810"
    },
    "renv": {
      "Package": "renv",
      "Version": "0.13.0",
      "Source": "Repository",
      "Repository": "CRAN",
      "Hash": "9f10d9db5b50400c348920c5c603385e"
    },
    "rlang": {
      "Package": "rlang",
      "Version": "0.4.10",
      "Source": "Repository",
      "Repository": "CRAN",
      "Hash": "599df23c40a4fce9c7b4764f28c37857"
    },
    "rmarkdown": {
      "Package": "rmarkdown",
      "Version": "1.13",
      "Source": "Repository",
      "Repository": "CRAN",
      "Hash": "122650e1982ea65085528dc5894b6c05"
    },
    "rprojroot": {
      "Package": "rprojroot",
      "Version": "2.0.2",
      "Source": "Repository",
      "Repository": "CRAN",
      "Hash": "249d8cd1e74a8f6a26194a91b47f21d1"
    },
    "rstudioapi": {
      "Package": "rstudioapi",
      "Version": "0.13",
      "Source": "Repository",
      "Repository": "CRAN",
      "Hash": "06c85365a03fdaf699966cc1d3cf53ea"
    },
    "scales": {
      "Package": "scales",
      "Version": "1.1.1",
      "Source": "Repository",
      "Repository": "CRAN",
      "Hash": "6f76f71042411426ec8df6c54f34e6dd"
    },
    "sessioninfo": {
      "Package": "sessioninfo",
      "Version": "1.1.1",
      "Source": "Repository",
      "Repository": "CRAN",
      "Hash": "308013098befe37484df72c39cf90d6e"
    },
    "shiny": {
      "Package": "shiny",
      "Version": "1.3.2",
      "Source": "Repository",
      "Repository": "CRAN",
      "Hash": "67d22f2e1e16eeb8d9b24a3036169ab4"
    },
    "snow": {
      "Package": "snow",
      "Version": "0.4-3",
      "Source": "Repository",
      "Repository": "CRAN",
      "Hash": "11b822ad6214111a4188d5e5fd1b144c"
    },
    "sourcetools": {
      "Package": "sourcetools",
      "Version": "0.1.7",
      "Source": "Repository",
      "Repository": "CRAN",
      "Hash": "947e4e02a79effa5d512473e10f41797"
    },
    "stringi": {
      "Package": "stringi",
      "Version": "1.5.3",
      "Source": "Repository",
      "Repository": "CRAN",
      "Hash": "a063ebea753c92910a4cca7b18bc1f05"
    },
    "stringr": {
      "Package": "stringr",
      "Version": "1.4.0",
      "Source": "Repository",
      "Repository": "CRAN",
      "Hash": "0759e6b6c0957edb1311028a49a35e76"
    },
    "survival": {
      "Package": "survival",
      "Version": "2.43-3",
      "Source": "Repository",
      "Repository": "CRAN",
      "Hash": "d6fc8c1de7e40274ff7bc53524cccd4b"
    },
    "sys": {
      "Package": "sys",
      "Version": "3.4",
      "Source": "Repository",
      "Repository": "CRAN",
      "Hash": "b227d13e29222b4574486cfcbde077fa"
    },
    "tibble": {
      "Package": "tibble",
      "Version": "3.1.0",
      "Source": "Repository",
      "Repository": "CRAN",
      "Hash": "4d894a114dbd4ecafeda5074e7c538e6"
    },
    "tidyr": {
      "Package": "tidyr",
      "Version": "1.1.2",
      "Source": "Repository",
      "Repository": "CRAN",
      "Hash": "c40b2d5824d829190f4b825f4496dfae"
    },
    "tidyselect": {
      "Package": "tidyselect",
      "Version": "1.1.0",
      "Source": "Repository",
      "Repository": "CRAN",
      "Hash": "6ea435c354e8448819627cf686f66e0a"
    },
    "tinytex": {
      "Package": "tinytex",
      "Version": "0.14",
      "Source": "Repository",
      "Repository": "CRAN",
      "Hash": "e0647be62e53b483121faaa13e91f452"
    },
    "triebeard": {
      "Package": "triebeard",
      "Version": "0.3.0",
      "Source": "Repository",
      "Repository": "CRAN",
      "Hash": "847a9d113b78baca4a9a8639609ea228"
    },
    "urltools": {
      "Package": "urltools",
      "Version": "1.7.3",
      "Source": "Repository",
      "Repository": "CRAN",
      "Hash": "e86a704261a105f4703f653e05defa3e"
    },
    "usethis": {
      "Package": "usethis",
      "Version": "1.5.0",
      "Source": "Repository",
      "Repository": "CRAN",
      "Hash": "50e12b2d397bf55b2c674a1a3ccdece9"
    },
    "utf8": {
      "Package": "utf8",
      "Version": "1.2.1",
      "Source": "Repository",
      "Repository": "CRAN",
      "Hash": "c3ad47dc6da0751f18ed53c4613e3ac7"
    },
    "vctrs": {
      "Package": "vctrs",
      "Version": "0.3.6",
      "Source": "Repository",
      "Repository": "CRAN",
      "Hash": "5cf1957f93076c19fdc81d01409d240b"
    },
    "viridisLite": {
      "Package": "viridisLite",
      "Version": "0.3.0",
      "Source": "Repository",
      "Repository": "CRAN",
      "Hash": "ce4f6271baa94776db692f1cb2055bee"
    },
    "whisker": {
      "Package": "whisker",
      "Version": "0.3-2",
      "Source": "Repository",
      "Repository": "CRAN",
      "Hash": "c944abf3f12a97b8369a6f6ba8186d23"
    },
    "withr": {
      "Package": "withr",
      "Version": "2.4.1",
      "Source": "Repository",
      "Repository": "CRAN",
      "Hash": "caf4781c674ffa549a4676d2d77b13cc"
    },
    "xfun": {
      "Package": "xfun",
      "Version": "0.22",
      "Source": "Repository",
      "Repository": "CRAN",
      "Hash": "eab2f8ba53809c321813e72ecbbd19ba"
    },
    "xml2": {
      "Package": "xml2",
      "Version": "1.3.2",
      "Source": "Repository",
      "Repository": "CRAN",
      "Hash": "d4d71a75dd3ea9eb5fa28cc21f9585e2"
    },
    "xopen": {
      "Package": "xopen",
      "Version": "1.0.0",
      "Source": "Repository",
      "Repository": "CRAN",
      "Hash": "6c85f015dee9cc7710ddd20f86881f58"
    },
    "xtable": {
      "Package": "xtable",
      "Version": "1.8-4",
      "Source": "Repository",
      "Repository": "CRAN",
      "Hash": "b8acdf8af494d9ec19ccb2481a9b11c2"
    },
    "yaml": {
      "Package": "yaml",
      "Version": "2.2.1",
      "Source": "Repository",
      "Repository": "CRAN",
      "Hash": "2826c5d9efb0a88f657c7a679c7106db"
    },
    "zip": {
      "Package": "zip",
      "Version": "2.1.1",
      "Source": "Repository",
      "Repository": "CRAN",
      "Hash": "3bc8405c637d988801ec5ea88372d0c2"
    }
  }
}
